#MicroXplorer Configuration settings - do not modify
Mcu.Family=STM32F1
RCC.PLLSourceVirtual=RCC_PLLSOURCE_HSE
ProjectManager.MainLocation=Core/Src
RCC.MCOFreq_Value=16000000
ProjectManager.ProjectFileName=SmartSigns.ioc
PD1-OSC_OUT.Mode=HSE-External-Oscillator
ProjectManager.KeepUserCode=true
Mcu.UserName=STM32F103C8Tx
Mcu.PinsNb=6
ProjectManager.NoMain=false
TIM1.IPParameters=Channel-PWM Generation1 CH1,Period
RCC.PLLCLKFreq_Value=16000000
ProjectManager.functionlistsort=1-MX_GPIO_Init-GPIO-false-HAL-true,2-MX_DMA_Init-DMA-false-HAL-true,3-SystemClock_Config-RCC-false-HAL-false,4-MX_TIM1_Init-TIM1-false-HAL-true
Dma.TIM1_CH1.0.MemDataAlignment=DMA_MDATAALIGN_HALFWORD
RCC.ADCFreqValue=4000000
ProjectManager.DefaultFWLocation=true
PD0-OSC_IN.Signal=RCC_OSC_IN
ProjectManager.DeletePrevious=true
SH.S_TIM1_CH1.ConfNb=1
RCC.APB1CLKDivider=RCC_HCLK_DIV2
VP_SYS_VS_ND.Mode=No_Debug
Dma.TIM1_CH1.0.PeriphDataAlignment=DMA_PDATAALIGN_WORD
PinOutPanel.RotationAngle=0
RCC.FamilyName=M
Dma.TIM1_CH1.0.Priority=DMA_PRIORITY_LOW
RCC.SYSCLKSource=RCC_SYSCLKSOURCE_PLLCLK
ProjectManager.StackSize=0x400
PD1-OSC_OUT.Signal=RCC_OSC_OUT
Dma.TIM1_CH1.0.PeriphInc=DMA_PINC_DISABLE
Dma.TIM1_CH1.0.MemInc=DMA_MINC_ENABLE
Mcu.IP4=TIM1
RCC.FCLKCortexFreq_Value=8000000
Mcu.IP2=RCC
NVIC.SVCall_IRQn=true\:0\:0\:false\:false\:true\:false\:false
Mcu.IP3=SYS
Mcu.IP0=DMA
Mcu.IP1=NVIC
Dma.TIM1_CH1.0.Mode=DMA_CIRCULAR
SH.S_TIM1_CH1.0=TIM1_CH1,PWM Generation1 CH1
Mcu.UserConstants=
ProjectManager.TargetToolchain=STM32CubeIDE
NVIC.DMA1_Channel2_IRQn=true\:0\:0\:false\:false\:true\:false\:true
Mcu.ThirdPartyNb=0
RCC.HCLKFreq_Value=8000000
Mcu.IPNb=5
ProjectManager.PreviousToolchain=
RCC.APB2TimFreq_Value=8000000
VP_TIM1_VS_ClockSourceINT.Signal=TIM1_VS_ClockSourceINT
ProjectManager.RegisterCallBack=
RCC.USBFreq_Value=16000000
RCC.AHBFreq_Value=8000000
Mcu.Pin0=PD0-OSC_IN
Mcu.Pin1=PD1-OSC_OUT
Mcu.Pin2=PA8
PD0-OSC_IN.Mode=HSE-External-Oscillator
Mcu.Pin3=VP_SYS_VS_ND
Mcu.Pin4=VP_SYS_VS_Systick
Mcu.Pin5=VP_TIM1_VS_ClockSourceINT
ProjectManager.ProjectBuild=false
NVIC.UsageFault_IRQn=true\:0\:0\:false\:false\:true\:false\:false
NVIC.DebugMonitor_IRQn=true\:0\:0\:false\:false\:true\:false\:false
board=custom
NVIC.SysTick_IRQn=true\:0\:0\:false\:false\:true\:false\:true
ProjectManager.LastFirmware=true
RCC.VCOOutput2Freq_Value=8000000
ProjectManager.FirmwarePackage=STM32Cube FW_F1 V1.8.4
MxDb.Version=DB.6.0.21
RCC.APB2Freq_Value=8000000
ProjectManager.BackupPrevious=false
MxCube.Version=6.2.1
TIM1.Channel-PWM\ Generation1\ CH1=TIM_CHANNEL_1
File.Version=6
VP_SYS_VS_Systick.Mode=SysTick
VP_SYS_VS_ND.Signal=SYS_VS_ND
PA8.Signal=S_TIM1_CH1
NVIC.NonMaskableInt_IRQn=true\:0\:0\:false\:false\:true\:false\:false
RCC.AHBCLKDivider=RCC_SYSCLK_DIV2
NVIC.PendSV_IRQn=true\:0\:0\:false\:false\:true\:false\:false
ProjectManager.FreePins=false
RCC.IPParameters=ADCFreqValue,AHBCLKDivider,AHBFreq_Value,APB1CLKDivider,APB1Freq_Value,APB1TimFreq_Value,APB2Freq_Value,APB2TimFreq_Value,FCLKCortexFreq_Value,FamilyName,HCLKFreq_Value,MCOFreq_Value,PLLCLKFreq_Value,PLLMCOFreq_Value,PLLSourceVirtual,SYSCLKFreq_VALUE,SYSCLKSource,TimSysFreq_Value,USBFreq_Value,VCOOutput2Freq_Value
ProjectManager.AskForMigrate=true
Mcu.Name=STM32F103C(8-B)Tx
Dma.RequestsNb=1
ProjectManager.HalAssertFull=false
VP_TIM1_VS_ClockSourceINT.Mode=Internal
ProjectManager.ProjectName=SmartSigns
ProjectManager.UnderRoot=true
Dma.TIM1_CH1.0.Direction=DMA_MEMORY_TO_PERIPH
RCC.PLLMCOFreq_Value=8000000
ProjectManager.CoupleFile=false
RCC.SYSCLKFreq_VALUE=16000000
Mcu.Package=LQFP48
Dma.TIM1_CH1.0.Instance=DMA1_Channel2
RCC.TimSysFreq_Value=8000000
NVIC.ForceEnableDMAVector=true
KeepUserPlacement=false
NVIC.MemoryManagement_IRQn=true\:0\:0\:false\:false\:true\:false\:false
ProjectManager.CompilerOptimize=6
ProjectManager.ToolChainLocation=
VP_SYS_VS_Systick.Signal=SYS_VS_Systick
ProjectManager.HeapSize=0x200
NVIC.HardFault_IRQn=true\:0\:0\:false\:false\:true\:false\:false
ProjectManager.ComputerToolchain=false
NVIC.PriorityGroup=NVIC_PRIORITYGROUP_4
RCC.APB1TimFreq_Value=8000000
NVIC.BusFault_IRQn=true\:0\:0\:false\:false\:true\:false\:false
Dma.TIM1_CH1.0.RequestParameters=Instance,Direction,PeriphInc,MemInc,PeriphDataAlignment,MemDataAlignment,Mode,Priority
TIM1.Period=90-1
Dma.Request0=TIM1_CH1
RCC.APB1Freq_Value=4000000
ProjectManager.CustomerFirmwarePackage=
ProjectManager.DeviceId=STM32F103C8Tx
ProjectManager.LibraryCopy=1
isbadioc=false
